PODS:
  - Flutter (1.0.0)
  - cloud_firestore (5.6.5):
    - Firebase/CoreOnly
    - FirebaseFirestore (~> 10.16.0)
  - connectivity_plus (6.1.3):
    - Flutter
  - firebase_core (3.12.1):
    - Firebase/CoreOnly
  - path (1.8.0)
  - pdf (3.10.1)
  - printing (5.9.0)
  - sqflite (2.0.0+3)

DEPENDENCIES:
  - cloud_firestore (from Flutter)
  - connectivity_plus (from Flutter)
  - firebase_core (from Flutter)
  - Flutter (from Flutter)
  - path (from Flutter)
  - pdf (from Flutter)
  - printing (from Flutter)
  - sqflite (from Flutter)

SPEC CHECKSUMS:
  Flutter: 123abc456def789ghi000
  cloud_firestore: abc123def456ghi789
  connectivity_plus: 987zyx654wvu321tsr
  firebase_core: zxc321vbn654asd987
  path: jkl456qwe789mnb321
  pdf: poi987lkj654ghf321
  printing: tgb456edc789wsx123
  sqflite: qaz789wsx654edc321

PODFILE CHECKSUM: e4a57d292d26f2a6c4a8e9e4bfc2a4f1d5ba1ec0

COCOAPODS: 1.16.2
